
Microsoft Visual Studio Solution File, Format Version 12.00
# Visual Studio Version 17
VisualStudioVersion = 17.3.32804.467
MinimumVisualStudioVersion = 10.0.40219.1
Project("{FAE04EC0-301F-11D3-BF4B-00C04F79EFBC}") = "jsonInventory", "jsonInventory\jsonInventory.csproj", "{723038E0-41EB-4B72-8128-A81651F65DF1}"
EndProject
Global
	GlobalSection(SolutionConfigurationPlatforms) = preSolution
		Debug|Any CPU = Debug|Any CPU
		Release|Any CPU = Release|Any CPU
	EndGlobalSection
	GlobalSection(ProjectConfigurationPlatforms) = postSolution
		{723038E0-41EB-4B72-8128-A81651F65DF1}.Debug|Any CPU.ActiveCfg = Debug|Any CPU
		{723038E0-41EB-4B72-8128-A81651F65DF1}.Debug|Any CPU.Build.0 = Debug|Any CPU
		{723038E0-41EB-4B72-8128-A81651F65DF1}.Release|Any CPU.ActiveCfg = Release|Any CPU
		{723038E0-41EB-4B72-8128-A81651F65DF1}.Release|Any CPU.Build.0 = Release|Any CPU
	EndGlobalSection
	GlobalSection(SolutionProperties) = preSolution
		HideSolutionNode = FALSE
	EndGlobalSection
	GlobalSection(ExtensibilityGlobals) = postSolution
		SolutionGuid = {0CFCEE72-E8F9-44E8-A2BA-E5F5743A4138}
	EndGlobalSection
EndGlobal
